
Microsoft Visual Studio Solution File, Format Version 12.00
# Visual Studio Version 17
VisualStudioVersion = 17.6.33815.320
MinimumVisualStudioVersion = 10.0.40219.1
Project("{FAE04EC0-301F-11D3-BF4B-00C04F79EFBC}") = "WpfApp1", "WpfApp1\WpfApp1.csproj", "{F48AE8B6-ECF0-41DD-9502-7874938F51BA}"
EndProject
Global
	GlobalSection(SolutionConfigurationPlatforms) = preSolution
		Debug|Any CPU = Debug|Any CPU
		Debug|x64 = Debug|x64
		Release|Any CPU = Release|Any CPU
		Release|x64 = Release|x64
	EndGlobalSection
	GlobalSection(ProjectConfigurationPlatforms) = postSolution
		{F48AE8B6-ECF0-41DD-9502-7874938F51BA}.Debug|Any CPU.ActiveCfg = Debug|Any CPU
		{F48AE8B6-ECF0-41DD-9502-7874938F51BA}.Debug|Any CPU.Build.0 = Debug|Any CPU
		{F48AE8B6-ECF0-41DD-9502-7874938F51BA}.Debug|x64.ActiveCfg = Debug|x64
		{F48AE8B6-ECF0-41DD-9502-7874938F51BA}.Debug|x64.Build.0 = Debug|x64
		{F48AE8B6-ECF0-41DD-9502-7874938F51BA}.Release|Any CPU.ActiveCfg = Release|Any CPU
		{F48AE8B6-ECF0-41DD-9502-7874938F51BA}.Release|Any CPU.Build.0 = Release|Any CPU
		{F48AE8B6-ECF0-41DD-9502-7874938F51BA}.Release|x64.ActiveCfg = Release|x64
		{F48AE8B6-ECF0-41DD-9502-7874938F51BA}.Release|x64.Build.0 = Release|x64
	EndGlobalSection
	GlobalSection(SolutionProperties) = preSolution
		HideSolutionNode = FALSE
	EndGlobalSection
	GlobalSection(ExtensibilityGlobals) = postSolution
		SolutionGuid = {7B193374-08E7-4B2A-B1C8-3C554AA81984}
	EndGlobalSection
EndGlobal
